
Microsoft Visual Studio Solution File, Format Version 12.00
# Visual Studio Version 17
VisualStudioVersion = 17.8.34309.116
MinimumVisualStudioVersion = 10.0.40219.1
Project("{FAE04EC0-301F-11D3-BF4B-00C04F79EFBC}") = "QuineMinimisation", "QuineMinimisation\QuineMinimisation.csproj", "{5EB5BB75-B752-4C0E-A8CB-DE258B7AB583}"
EndProject
Global
	GlobalSection(SolutionConfigurationPlatforms) = preSolution
		Debug|Any CPU = Debug|Any CPU
		Release|Any CPU = Release|Any CPU
	EndGlobalSection
	GlobalSection(ProjectConfigurationPlatforms) = postSolution
		{5EB5BB75-B752-4C0E-A8CB-DE258B7AB583}.Debug|Any CPU.ActiveCfg = Debug|Any CPU
		{5EB5BB75-B752-4C0E-A8CB-DE258B7AB583}.Debug|Any CPU.Build.0 = Debug|Any CPU
		{5EB5BB75-B752-4C0E-A8CB-DE258B7AB583}.Release|Any CPU.ActiveCfg = Release|Any CPU
		{5EB5BB75-B752-4C0E-A8CB-DE258B7AB583}.Release|Any CPU.Build.0 = Release|Any CPU
	EndGlobalSection
	GlobalSection(SolutionProperties) = preSolution
		HideSolutionNode = FALSE
	EndGlobalSection
	GlobalSection(ExtensibilityGlobals) = postSolution
		SolutionGuid = {8F8FFE72-44A9-427E-A028-58378A31A7AD}
	EndGlobalSection
EndGlobal
